
Microsoft Visual Studio Solution File, Format Version 12.00
# Visual Studio Version 17
VisualStudioVersion = 17.10.35122.118
MinimumVisualStudioVersion = 10.0.40219.1
Project("{F184B08F-C81C-45F6-A57F-5ABD9991F28F}") = "wpf.dex", "wpf.dex\wpf.dex.vbproj", "{4EA3EFC9-13D3-4B4B-9D1D-6850DFF51E83}"
EndProject
Global
	GlobalSection(SolutionConfigurationPlatforms) = preSolution
		Debug|Any CPU = Debug|Any CPU
		Release|Any CPU = Release|Any CPU
	EndGlobalSection
	GlobalSection(ProjectConfigurationPlatforms) = postSolution
		{4EA3EFC9-13D3-4B4B-9D1D-6850DFF51E83}.Debug|Any CPU.ActiveCfg = Debug|Any CPU
		{4EA3EFC9-13D3-4B4B-9D1D-6850DFF51E83}.Debug|Any CPU.Build.0 = Debug|Any CPU
		{4EA3EFC9-13D3-4B4B-9D1D-6850DFF51E83}.Release|Any CPU.ActiveCfg = Release|Any CPU
		{4EA3EFC9-13D3-4B4B-9D1D-6850DFF51E83}.Release|Any CPU.Build.0 = Release|Any CPU
	EndGlobalSection
	GlobalSection(SolutionProperties) = preSolution
		HideSolutionNode = FALSE
	EndGlobalSection
	GlobalSection(ExtensibilityGlobals) = postSolution
		SolutionGuid = {E4C64BEE-B427-42F1-B7B9-BB0BD168CECB}
	EndGlobalSection
EndGlobal
